
Microsoft Visual Studio Solution File, Format Version 12.00
# Visual Studio Version 16
VisualStudioVersion = 16.0.29519.87
MinimumVisualStudioVersion = 10.0.40219.1
Project("{FAE04EC0-301F-11D3-BF4B-00C04F79EFBC}") = "API Teste2", "API Teste2\API Teste2.csproj", "{E749730F-E915-4415-93A0-BB1DF1ED939C}"
EndProject
Project("{FAE04EC0-301F-11D3-BF4B-00C04F79EFBC}") = "API test2- Teste", "API test2- Teste\API test2- Teste.csproj", "{60D3C084-0D04-4D2F-877F-6DB0090D36C8}"
EndProject
Project("{FAE04EC0-301F-11D3-BF4B-00C04F79EFBC}") = "test.create", "test.create\test.create.csproj", "{AEBE318C-732F-4AA5-B378-325239D047E6}"
EndProject
Global
	GlobalSection(SolutionConfigurationPlatforms) = preSolution
		Debug|Any CPU = Debug|Any CPU
		Release|Any CPU = Release|Any CPU
	EndGlobalSection
	GlobalSection(ProjectConfigurationPlatforms) = postSolution
		{E749730F-E915-4415-93A0-BB1DF1ED939C}.Debug|Any CPU.ActiveCfg = Debug|Any CPU
		{E749730F-E915-4415-93A0-BB1DF1ED939C}.Debug|Any CPU.Build.0 = Debug|Any CPU
		{E749730F-E915-4415-93A0-BB1DF1ED939C}.Release|Any CPU.ActiveCfg = Release|Any CPU
		{E749730F-E915-4415-93A0-BB1DF1ED939C}.Release|Any CPU.Build.0 = Release|Any CPU
		{60D3C084-0D04-4D2F-877F-6DB0090D36C8}.Debug|Any CPU.ActiveCfg = Debug|Any CPU
		{60D3C084-0D04-4D2F-877F-6DB0090D36C8}.Debug|Any CPU.Build.0 = Debug|Any CPU
		{60D3C084-0D04-4D2F-877F-6DB0090D36C8}.Release|Any CPU.ActiveCfg = Release|Any CPU
		{60D3C084-0D04-4D2F-877F-6DB0090D36C8}.Release|Any CPU.Build.0 = Release|Any CPU
		{AEBE318C-732F-4AA5-B378-325239D047E6}.Debug|Any CPU.ActiveCfg = Debug|Any CPU
		{AEBE318C-732F-4AA5-B378-325239D047E6}.Debug|Any CPU.Build.0 = Debug|Any CPU
		{AEBE318C-732F-4AA5-B378-325239D047E6}.Release|Any CPU.ActiveCfg = Release|Any CPU
		{AEBE318C-732F-4AA5-B378-325239D047E6}.Release|Any CPU.Build.0 = Release|Any CPU
	EndGlobalSection
	GlobalSection(SolutionProperties) = preSolution
		HideSolutionNode = FALSE
	EndGlobalSection
	GlobalSection(ExtensibilityGlobals) = postSolution
		SolutionGuid = {623404AA-D23D-4AAA-8D48-B74796066C92}
	EndGlobalSection
EndGlobal
